// !$*UTF8*$!
{
	archiveVersion = 1;
	classes = {
	};
	objectVersion = 46;
	objects = {

/* Begin PBXBuildFile section */
		41CFB6D31CF3336F00EA1C49 /* Tests.mm in Sources */ = {isa = PBXBuildFile; fileRef = 41CFB6D21CF3336F00EA1C49 /* Tests.mm */; };
		41CFB6E71CF333A400EA1C49 /* OpenGL.framework in Frameworks */ = {isa = PBXBuildFile; fileRef = 4ECF72EB1A38780D00A97847 /* OpenGL.framework */; };
		41CFB6E81CF333A600EA1C49 /* GLUT.framework in Frameworks */ = {isa = PBXBuildFile; fileRef = 4ECF72EA1A38780D00A97847 /* GLUT.framework */; };
		41CFB6E91CF333B800EA1C49 /* Texture.cpp in Sources */ = {isa = PBXBuildFile; fileRef = 4ECF72F11A387A2E00A97847 /* Texture.cpp */; };
		41CFB6EA1CF333B800EA1C49 /* Texture.h in Headers */ = {isa = PBXBuildFile; fileRef = 4ECF72F21A387A2E00A97847 /* Texture.h */; settings = {ATTRIBUTES = (Public, ); }; };
		41CFB6EB1CF333B800EA1C49 /* Tga.h in Headers */ = {isa = PBXBuildFile; fileRef = 4ECF72F31A387A2E00A97847 /* Tga.h */; settings = {ATTRIBUTES = (Public, ); }; };
		41CFB6EC1CF333B800EA1C49 /* TGALoader.cpp in Sources */ = {isa = PBXBuildFile; fileRef = 4ECF72F41A387A2E00A97847 /* TGALoader.cpp */; };
		41CFB6ED1CF333B800EA1C49 /* Primitives.cpp in Sources */ = {isa = PBXBuildFile; fileRef = 4ECF72FB1A387C4200A97847 /* Primitives.cpp */; };
		41CFB6EE1CF333B800EA1C49 /* Primitives.h in Headers */ = {isa = PBXBuildFile; fileRef = 4ECF72FC1A387C4200A97847 /* Primitives.h */; settings = {ATTRIBUTES = (Public, ); }; };
		41CFB6EF1CF333BF00EA1C49 /* Particles.h in Headers */ = {isa = PBXBuildFile; fileRef = 4ECF73091A38D4FC00A97847 /* Particles.h */; settings = {ATTRIBUTES = (Public, ); }; };
		41CFB6F01CF333BF00EA1C49 /* Attractor.cpp in Sources */ = {isa = PBXBuildFile; fileRef = 4ECF72EE1A3878E200A97847 /* Attractor.cpp */; };
		41CFB6F11CF333BF00EA1C49 /* PlaneAttractor.cpp in Sources */ = {isa = PBXBuildFile; fileRef = 4ECF730A1A38DD8500A97847 /* PlaneAttractor.cpp */; };
		41CFB6F21CF333BF00EA1C49 /* Particle.cpp in Sources */ = {isa = PBXBuildFile; fileRef = 4ECF72F81A387BF000A97847 /* Particle.cpp */; };
		41CFB6F31CF333BF00EA1C49 /* Emitter.cpp in Sources */ = {isa = PBXBuildFile; fileRef = 4ECF72FE1A38804500A97847 /* Emitter.cpp */; };
		41CFB6F41CF333BF00EA1C49 /* Vector3D.h in Headers */ = {isa = PBXBuildFile; fileRef = 4ECF73031A38977B00A97847 /* Vector3D.h */; settings = {ATTRIBUTES = (Public, ); }; };
		41CFB6F51CF333C700EA1C49 /* OpenGL_Text.cpp in Sources */ = {isa = PBXBuildFile; fileRef = 4ECF730C1A38E0C600A97847 /* OpenGL_Text.cpp */; };
		41CFB6F61CF333C700EA1C49 /* OpenGL_Text.h in Headers */ = {isa = PBXBuildFile; fileRef = 4ECF730D1A38E0C600A97847 /* OpenGL_Text.h */; settings = {ATTRIBUTES = (Public, ); }; };
		41CFB6F71CF333E300EA1C49 /* liblibOpenGLParticles.a in Frameworks */ = {isa = PBXBuildFile; fileRef = 41CFB6DC1CF3339200EA1C49 /* liblibOpenGLParticles.a */; };
		41CFB6F81CF3347400EA1C49 /* GLUT.framework in Frameworks */ = {isa = PBXBuildFile; fileRef = 4ECF72EA1A38780D00A97847 /* GLUT.framework */; };
		41CFB6F91CF3347600EA1C49 /* OpenGL.framework in Frameworks */ = {isa = PBXBuildFile; fileRef = 4ECF72EB1A38780D00A97847 /* OpenGL.framework */; };
		41CFB6FB1CF3354700EA1C49 /* AttractorTest.mm in Sources */ = {isa = PBXBuildFile; fileRef = 41CFB6FA1CF3354700EA1C49 /* AttractorTest.mm */; };
		4E55FBC41CFB94DA000E38BA /* Vector3Test.mm in Sources */ = {isa = PBXBuildFile; fileRef = 4E55FBC31CFB94DA000E38BA /* Vector3Test.mm */; };
		4ECF72DE1A3877E300A97847 /* main.cpp in Sources */ = {isa = PBXBuildFile; fileRef = 4ECF72DD1A3877E300A97847 /* main.cpp */; };
		4ECF72EC1A38780D00A97847 /* GLUT.framework in Frameworks */ = {isa = PBXBuildFile; fileRef = 4ECF72EA1A38780D00A97847 /* GLUT.framework */; };
		4ECF72ED1A38780D00A97847 /* OpenGL.framework in Frameworks */ = {isa = PBXBuildFile; fileRef = 4ECF72EB1A38780D00A97847 /* OpenGL.framework */; };
		4ECF72F01A3878E200A97847 /* Attractor.cpp in Sources */ = {isa = PBXBuildFile; fileRef = 4ECF72EE1A3878E200A97847 /* Attractor.cpp */; };
		4ECF72F51A387A2E00A97847 /* Texture.cpp in Sources */ = {isa = PBXBuildFile; fileRef = 4ECF72F11A387A2E00A97847 /* Texture.cpp */; };
		4ECF72F61A387A2E00A97847 /* TGALoader.cpp in Sources */ = {isa = PBXBuildFile; fileRef = 4ECF72F41A387A2E00A97847 /* TGALoader.cpp */; };
		4ECF72FA1A387BF000A97847 /* Particle.cpp in Sources */ = {isa = PBXBuildFile; fileRef = 4ECF72F81A387BF000A97847 /* Particle.cpp */; };
		4ECF72FD1A387C4200A97847 /* Primitives.cpp in Sources */ = {isa = PBXBuildFile; fileRef = 4ECF72FB1A387C4200A97847 /* Primitives.cpp */; };
		4ECF73001A38804500A97847 /* Emitter.cpp in Sources */ = {isa = PBXBuildFile; fileRef = 4ECF72FE1A38804500A97847 /* Emitter.cpp */; };
		4ECF730B1A38DD8500A97847 /* PlaneAttractor.cpp in Sources */ = {isa = PBXBuildFile; fileRef = 4ECF730A1A38DD8500A97847 /* PlaneAttractor.cpp */; };
		4ECF730E1A38E0C600A97847 /* OpenGL_Text.cpp in Sources */ = {isa = PBXBuildFile; fileRef = 4ECF730C1A38E0C600A97847 /* OpenGL_Text.cpp */; };
		4ED653C11CD90FEA00FBB39F /* Uncompressed.tga in CopyFiles */ = {isa = PBXBuildFile; fileRef = 4ED653BF1CD90FDD00FBB39F /* Uncompressed.tga */; };
/* End PBXBuildFile section */

/* Begin PBXCopyFilesBuildPhase section */
		4ECF72D81A3877E300A97847 /* CopyFiles */ = {
			isa = PBXCopyFilesBuildPhase;
			buildActionMask = 2147483647;
			dstPath = /usr/share/man/man1/;
			dstSubfolderSpec = 0;
			files = (
			);
			runOnlyForDeploymentPostprocessing = 1;
		};
		4ED653C01CD90FE400FBB39F /* CopyFiles */ = {
			isa = PBXCopyFilesBuildPhase;
			buildActionMask = 2147483647;
			dstPath = "";
			dstSubfolderSpec = 16;
			files = (
				4ED653C11CD90FEA00FBB39F /* Uncompressed.tga in CopyFiles */,
			);
			runOnlyForDeploymentPostprocessing = 0;
		};
/* End PBXCopyFilesBuildPhase section */

/* Begin PBXFileReference section */
		41CFB6C61CF3331300EA1C49 /* OpenGL_Particles_Tests.swift */ = {isa = PBXFileReference; lastKnownFileType = sourcecode.swift; path = OpenGL_Particles_Tests.swift; sourceTree = "<group>"; };
		41CFB6C81CF3331300EA1C49 /* Info.plist */ = {isa = PBXFileReference; lastKnownFileType = text.plist.xml; path = Info.plist; sourceTree = "<group>"; };
		41CFB6D01CF3336F00EA1C49 /* Tests.xctest */ = {isa = PBXFileReference; explicitFileType = wrapper.cfbundle; includeInIndex = 0; path = Tests.xctest; sourceTree = BUILT_PRODUCTS_DIR; };
		41CFB6D21CF3336F00EA1C49 /* Tests.mm */ = {isa = PBXFileReference; lastKnownFileType = sourcecode.cpp.objcpp; path = Tests.mm; sourceTree = "<group>"; };
		41CFB6D41CF3336F00EA1C49 /* Info.plist */ = {isa = PBXFileReference; lastKnownFileType = text.plist.xml; path = Info.plist; sourceTree = "<group>"; };
		41CFB6DC1CF3339200EA1C49 /* liblibOpenGLParticles.a */ = {isa = PBXFileReference; explicitFileType = archive.ar; includeInIndex = 0; path = liblibOpenGLParticles.a; sourceTree = BUILT_PRODUCTS_DIR; };
		41CFB6FA1CF3354700EA1C49 /* AttractorTest.mm */ = {isa = PBXFileReference; fileEncoding = 4; lastKnownFileType = sourcecode.cpp.objcpp; path = AttractorTest.mm; sourceTree = "<group>"; };
		4E55FBC31CFB94DA000E38BA /* Vector3Test.mm */ = {isa = PBXFileReference; fileEncoding = 4; lastKnownFileType = sourcecode.cpp.objcpp; path = Vector3Test.mm; sourceTree = "<group>"; };
		4ECF72DA1A3877E300A97847 /* OpenGL kurs */ = {isa = PBXFileReference; explicitFileType = "compiled.mach-o.executable"; includeInIndex = 0; path = "OpenGL kurs"; sourceTree = BUILT_PRODUCTS_DIR; };
		4ECF72DD1A3877E300A97847 /* main.cpp */ = {isa = PBXFileReference; lastKnownFileType = sourcecode.cpp.cpp; path = main.cpp; sourceTree = "<group>"; };
		4ECF72EA1A38780D00A97847 /* GLUT.framework */ = {isa = PBXFileReference; lastKnownFileType = wrapper.framework; path = GLUT.framework; sourceTree = "<group>"; };
		4ECF72EB1A38780D00A97847 /* OpenGL.framework */ = {isa = PBXFileReference; lastKnownFileType = wrapper.framework; path = OpenGL.framework; sourceTree = "<group>"; };
		4ECF72EE1A3878E200A97847 /* Attractor.cpp */ = {isa = PBXFileReference; fileEncoding = 4; lastKnownFileType = sourcecode.cpp.cpp; path = Attractor.cpp; sourceTree = "<group>"; };
		4ECF72F11A387A2E00A97847 /* Texture.cpp */ = {isa = PBXFileReference; fileEncoding = 4; lastKnownFileType = sourcecode.cpp.cpp; path = Texture.cpp; sourceTree = "<group>"; };
		4ECF72F21A387A2E00A97847 /* Texture.h */ = {isa = PBXFileReference; fileEncoding = 4; lastKnownFileType = sourcecode.c.h; path = Texture.h; sourceTree = "<group>"; };
		4ECF72F31A387A2E00A97847 /* Tga.h */ = {isa = PBXFileReference; fileEncoding = 4; lastKnownFileType = sourcecode.c.h; path = Tga.h; sourceTree = "<group>"; };
		4ECF72F41A387A2E00A97847 /* TGALoader.cpp */ = {isa = PBXFileReference; fileEncoding = 4; lastKnownFileType = sourcecode.cpp.cpp; path = TGALoader.cpp; sourceTree = "<group>"; };
		4ECF72F81A387BF000A97847 /* Particle.cpp */ = {isa = PBXFileReference; fileEncoding = 4; lastKnownFileType = sourcecode.cpp.cpp; path = Particle.cpp; sourceTree = "<group>"; };
		4ECF72FB1A387C4200A97847 /* Primitives.cpp */ = {isa = PBXFileReference; fileEncoding = 4; lastKnownFileType = sourcecode.cpp.cpp; path = Primitives.cpp; sourceTree = "<group>"; };
		4ECF72FC1A387C4200A97847 /* Primitives.h */ = {isa = PBXFileReference; fileEncoding = 4; lastKnownFileType = sourcecode.c.h; path = Primitives.h; sourceTree = "<group>"; };
		4ECF72FE1A38804500A97847 /* Emitter.cpp */ = {isa = PBXFileReference; fileEncoding = 4; lastKnownFileType = sourcecode.cpp.cpp; path = Emitter.cpp; sourceTree = "<group>"; };
		4ECF73031A38977B00A97847 /* Vector3D.h */ = {isa = PBXFileReference; fileEncoding = 4; lastKnownFileType = sourcecode.c.h; path = Vector3D.h; sourceTree = "<group>"; };
		4ECF73091A38D4FC00A97847 /* Particles.h */ = {isa = PBXFileReference; lastKnownFileType = sourcecode.c.h; path = Particles.h; sourceTree = "<group>"; };
		4ECF730A1A38DD8500A97847 /* PlaneAttractor.cpp */ = {isa = PBXFileReference; fileEncoding = 4; lastKnownFileType = sourcecode.cpp.cpp; path = PlaneAttractor.cpp; sourceTree = "<group>"; };
		4ECF730C1A38E0C600A97847 /* OpenGL_Text.cpp */ = {isa = PBXFileReference; fileEncoding = 4; lastKnownFileType = sourcecode.cpp.cpp; path = OpenGL_Text.cpp; sourceTree = "<group>"; };
		4ECF730D1A38E0C600A97847 /* OpenGL_Text.h */ = {isa = PBXFileReference; fileEncoding = 4; lastKnownFileType = sourcecode.c.h; path = OpenGL_Text.h; sourceTree = "<group>"; };
		4ECF73101A38E75A00A97847 /* MemUsage.h */ = {isa = PBXFileReference; lastKnownFileType = sourcecode.c.h; path = MemUsage.h; sourceTree = "<group>"; };
		4ED653BF1CD90FDD00FBB39F /* Uncompressed.tga */ = {isa = PBXFileReference; lastKnownFileType = file; path = Uncompressed.tga; sourceTree = "<group>"; };
		4EDAE99F1A498DD100ABE1BD /* README.md */ = {isa = PBXFileReference; lastKnownFileType = net.daringfireball.markdown; path = README.md; sourceTree = "<group>"; };
/* End PBXFileReference section */

/* Begin PBXFrameworksBuildPhase section */
		41CFB6CD1CF3336F00EA1C49 /* Frameworks */ = {
			isa = PBXFrameworksBuildPhase;
			buildActionMask = 2147483647;
			files = (
				41CFB6F81CF3347400EA1C49 /* GLUT.framework in Frameworks */,
				41CFB6F91CF3347600EA1C49 /* OpenGL.framework in Frameworks */,
				41CFB6F71CF333E300EA1C49 /* liblibOpenGLParticles.a in Frameworks */,
			);
			runOnlyForDeploymentPostprocessing = 0;
		};
		41CFB6D91CF3339200EA1C49 /* Frameworks */ = {
			isa = PBXFrameworksBuildPhase;
			buildActionMask = 2147483647;
			files = (
				41CFB6E71CF333A400EA1C49 /* OpenGL.framework in Frameworks */,
				41CFB6E81CF333A600EA1C49 /* GLUT.framework in Frameworks */,
			);
			runOnlyForDeploymentPostprocessing = 0;
		};
		4ECF72D71A3877E300A97847 /* Frameworks */ = {
			isa = PBXFrameworksBuildPhase;
			buildActionMask = 2147483647;
			files = (
				4ECF72EC1A38780D00A97847 /* GLUT.framework in Frameworks */,
				4ECF72ED1A38780D00A97847 /* OpenGL.framework in Frameworks */,
			);
			runOnlyForDeploymentPostprocessing = 0;
		};
/* End PBXFrameworksBuildPhase section */

/* Begin PBXGroup section */
		41CFB6C51CF3331300EA1C49 /* OpenGL-Particles-Tests */ = {
			isa = PBXGroup;
			children = (
				41CFB6C61CF3331300EA1C49 /* OpenGL_Particles_Tests.swift */,
				41CFB6C81CF3331300EA1C49 /* Info.plist */,
			);
			path = "OpenGL-Particles-Tests";
			sourceTree = "<group>";
		};
		41CFB6D11CF3336F00EA1C49 /* Tests */ = {
			isa = PBXGroup;
			children = (
				41CFB6FA1CF3354700EA1C49 /* AttractorTest.mm */,
				41CFB6D41CF3336F00EA1C49 /* Info.plist */,
				41CFB6D21CF3336F00EA1C49 /* Tests.mm */,
				4E55FBC31CFB94DA000E38BA /* Vector3Test.mm */,
			);
			path = Tests;
			sourceTree = "<group>";
		};
		4ECF72D11A3877E300A97847 = {
			isa = PBXGroup;
			children = (
				4EDAE99F1A498DD100ABE1BD /* README.md */,
				4ECF72EA1A38780D00A97847 /* GLUT.framework */,
				4ECF72EB1A38780D00A97847 /* OpenGL.framework */,
				4ECF72DC1A3877E300A97847 /* OpenGL kurs */,
				41CFB6C51CF3331300EA1C49 /* OpenGL-Particles-Tests */,
				41CFB6D11CF3336F00EA1C49 /* Tests */,
				4ECF72DB1A3877E300A97847 /* Products */,
			);
			sourceTree = "<group>";
		};
		4ECF72DB1A3877E300A97847 /* Products */ = {
			isa = PBXGroup;
			children = (
				4ECF72DA1A3877E300A97847 /* OpenGL kurs */,
				41CFB6D01CF3336F00EA1C49 /* Tests.xctest */,
				41CFB6DC1CF3339200EA1C49 /* liblibOpenGLParticles.a */,
			);
			name = Products;
			sourceTree = "<group>";
		};
		4ECF72DC1A3877E300A97847 /* OpenGL kurs */ = {
			isa = PBXGroup;
			children = (
				4ED653BE1CD90FDD00FBB39F /* Resources */,
				4ECF72F71A387B1800A97847 /* Textures */,
				4ECF72DD1A3877E300A97847 /* main.cpp */,
				4ECF73011A38804C00A97847 /* ParticleSystem */,
				4ECF730F1A38E0CB00A97847 /* Text */,
				4ECF73101A38E75A00A97847 /* MemUsage.h */,
			);
			path = "OpenGL kurs";
			sourceTree = "<group>";
		};
		4ECF72F71A387B1800A97847 /* Textures */ = {
			isa = PBXGroup;
			children = (
				4ECF72F11A387A2E00A97847 /* Texture.cpp */,
				4ECF72F21A387A2E00A97847 /* Texture.h */,
				4ECF72F31A387A2E00A97847 /* Tga.h */,
				4ECF72F41A387A2E00A97847 /* TGALoader.cpp */,
				4ECF72FB1A387C4200A97847 /* Primitives.cpp */,
				4ECF72FC1A387C4200A97847 /* Primitives.h */,
			);
			name = Textures;
			sourceTree = "<group>";
		};
		4ECF73011A38804C00A97847 /* ParticleSystem */ = {
			isa = PBXGroup;
			children = (
				4ECF73091A38D4FC00A97847 /* Particles.h */,
				4ECF72EE1A3878E200A97847 /* Attractor.cpp */,
				4ECF730A1A38DD8500A97847 /* PlaneAttractor.cpp */,
				4ECF72F81A387BF000A97847 /* Particle.cpp */,
				4ECF72FE1A38804500A97847 /* Emitter.cpp */,
				4ECF73031A38977B00A97847 /* Vector3D.h */,
			);
			name = ParticleSystem;
			sourceTree = "<group>";
		};
		4ECF730F1A38E0CB00A97847 /* Text */ = {
			isa = PBXGroup;
			children = (
				4ECF730C1A38E0C600A97847 /* OpenGL_Text.cpp */,
				4ECF730D1A38E0C600A97847 /* OpenGL_Text.h */,
			);
			name = Text;
			sourceTree = "<group>";
		};
		4ED653BE1CD90FDD00FBB39F /* Resources */ = {
			isa = PBXGroup;
			children = (
				4ED653BF1CD90FDD00FBB39F /* Uncompressed.tga */,
			);
			path = Resources;
			sourceTree = "<group>";
		};
/* End PBXGroup section */

/* Begin PBXHeadersBuildPhase section */
		41CFB6DA1CF3339200EA1C49 /* Headers */ = {
			isa = PBXHeadersBuildPhase;
			buildActionMask = 2147483647;
			files = (
				41CFB6EA1CF333B800EA1C49 /* Texture.h in Headers */,
				41CFB6EB1CF333B800EA1C49 /* Tga.h in Headers */,
				41CFB6EE1CF333B800EA1C49 /* Primitives.h in Headers */,
				41CFB6EF1CF333BF00EA1C49 /* Particles.h in Headers */,
				41CFB6F61CF333C700EA1C49 /* OpenGL_Text.h in Headers */,
				41CFB6F41CF333BF00EA1C49 /* Vector3D.h in Headers */,
			);
			runOnlyForDeploymentPostprocessing = 0;
		};
/* End PBXHeadersBuildPhase section */

/* Begin PBXNativeTarget section */
		41CFB6CF1CF3336F00EA1C49 /* Tests */ = {
			isa = PBXNativeTarget;
			buildConfigurationList = 41CFB6D51CF3336F00EA1C49 /* Build configuration list for PBXNativeTarget "Tests" */;
			buildPhases = (
				41CFB6CC1CF3336F00EA1C49 /* Sources */,
				41CFB6CD1CF3336F00EA1C49 /* Frameworks */,
				41CFB6CE1CF3336F00EA1C49 /* Resources */,
			);
			buildRules = (
			);
			dependencies = (
			);
			name = Tests;
			productName = Tests;
			productReference = 41CFB6D01CF3336F00EA1C49 /* Tests.xctest */;
			productType = "com.apple.product-type.bundle.unit-test";
		};
		41CFB6DB1CF3339200EA1C49 /* libOpenGLParticles */ = {
			isa = PBXNativeTarget;
			buildConfigurationList = 41CFB6E41CF3339200EA1C49 /* Build configuration list for PBXNativeTarget "libOpenGLParticles" */;
			buildPhases = (
				41CFB6D81CF3339200EA1C49 /* Sources */,
				41CFB6D91CF3339200EA1C49 /* Frameworks */,
				41CFB6DA1CF3339200EA1C49 /* Headers */,
			);
			buildRules = (
			);
			dependencies = (
			);
			name = libOpenGLParticles;
			productName = libOpenGLParticles;
			productReference = 41CFB6DC1CF3339200EA1C49 /* liblibOpenGLParticles.a */;
			productType = "com.apple.product-type.library.static";
		};
		4ECF72D91A3877E300A97847 /* OpenGL kurs */ = {
			isa = PBXNativeTarget;
			buildConfigurationList = 4ECF72E11A3877E300A97847 /* Build configuration list for PBXNativeTarget "OpenGL kurs" */;
			buildPhases = (
				4ECF72D61A3877E300A97847 /* Sources */,
				4ECF72D71A3877E300A97847 /* Frameworks */,
				4ECF72D81A3877E300A97847 /* CopyFiles */,
				4ED653C01CD90FE400FBB39F /* CopyFiles */,
			);
			buildRules = (
			);
			dependencies = (
			);
			name = "OpenGL kurs";
			productName = "OpenGL kurs";
			productReference = 4ECF72DA1A3877E300A97847 /* OpenGL kurs */;
			productType = "com.apple.product-type.tool";
		};
/* End PBXNativeTarget section */

/* Begin PBXProject section */
		4ECF72D21A3877E300A97847 /* Project object */ = {
			isa = PBXProject;
			attributes = {
				LastSwiftUpdateCheck = 0730;
				LastUpgradeCheck = 0730;
				ORGANIZATIONNAME = SR3u;
				TargetAttributes = {
					41CFB6CF1CF3336F00EA1C49 = {
						CreatedOnToolsVersion = 7.3.1;
					};
					41CFB6DB1CF3339200EA1C49 = {
						CreatedOnToolsVersion = 7.3.1;
					};
					4ECF72D91A3877E300A97847 = {
						CreatedOnToolsVersion = 6.1;
					};
				};
			};
			buildConfigurationList = 4ECF72D51A3877E300A97847 /* Build configuration list for PBXProject "OpenGL kurs" */;
			compatibilityVersion = "Xcode 3.2";
			developmentRegion = English;
			hasScannedForEncodings = 0;
			knownRegions = (
				en,
			);
			mainGroup = 4ECF72D11A3877E300A97847;
			productRefGroup = 4ECF72DB1A3877E300A97847 /* Products */;
			projectDirPath = "";
			projectRoot = "";
			targets = (
				4ECF72D91A3877E300A97847 /* OpenGL kurs */,
				41CFB6CF1CF3336F00EA1C49 /* Tests */,
				41CFB6DB1CF3339200EA1C49 /* libOpenGLParticles */,
			);
		};
/* End PBXProject section */

/* Begin PBXResourcesBuildPhase section */
		41CFB6CE1CF3336F00EA1C49 /* Resources */ = {
			isa = PBXResourcesBuildPhase;
			buildActionMask = 2147483647;
			files = (
			);
			runOnlyForDeploymentPostprocessing = 0;
		};
/* End PBXResourcesBuildPhase section */

/* Begin PBXSourcesBuildPhase section */
		41CFB6CC1CF3336F00EA1C49 /* Sources */ = {
			isa = PBXSourcesBuildPhase;
			buildActionMask = 2147483647;
			files = (
				41CFB6FB1CF3354700EA1C49 /* AttractorTest.mm in Sources */,
				4E55FBC41CFB94DA000E38BA /* Vector3Test.mm in Sources */,
				41CFB6D31CF3336F00EA1C49 /* Tests.mm in Sources */,
			);
			runOnlyForDeploymentPostprocessing = 0;
		};
		41CFB6D81CF3339200EA1C49 /* Sources */ = {
			isa = PBXSourcesBuildPhase;
			buildActionMask = 2147483647;
			files = (
				41CFB6E91CF333B800EA1C49 /* Texture.cpp in Sources */,
				41CFB6EC1CF333B800EA1C49 /* TGALoader.cpp in Sources */,
				41CFB6ED1CF333B800EA1C49 /* Primitives.cpp in Sources */,
				41CFB6F01CF333BF00EA1C49 /* Attractor.cpp in Sources */,
				41CFB6F11CF333BF00EA1C49 /* PlaneAttractor.cpp in Sources */,
				41CFB6F21CF333BF00EA1C49 /* Particle.cpp in Sources */,
				41CFB6F31CF333BF00EA1C49 /* Emitter.cpp in Sources */,
				41CFB6F51CF333C700EA1C49 /* OpenGL_Text.cpp in Sources */,
			);
			runOnlyForDeploymentPostprocessing = 0;
		};
		4ECF72D61A3877E300A97847 /* Sources */ = {
			isa = PBXSourcesBuildPhase;
			buildActionMask = 2147483647;
			files = (
				4ECF72F51A387A2E00A97847 /* Texture.cpp in Sources */,
				4ECF730E1A38E0C600A97847 /* OpenGL_Text.cpp in Sources */,
				4ECF72FA1A387BF000A97847 /* Particle.cpp in Sources */,
				4ECF72F61A387A2E00A97847 /* TGALoader.cpp in Sources */,
				4ECF72FD1A387C4200A97847 /* Primitives.cpp in Sources */,
				4ECF72DE1A3877E300A97847 /* main.cpp in Sources */,
				4ECF72F01A3878E200A97847 /* Attractor.cpp in Sources */,
				4ECF73001A38804500A97847 /* Emitter.cpp in Sources */,
				4ECF730B1A38DD8500A97847 /* PlaneAttractor.cpp in Sources */,
			);
			runOnlyForDeploymentPostprocessing = 0;
		};
/* End PBXSourcesBuildPhase section */

/* Begin XCBuildConfiguration section */
		41CFB6D61CF3336F00EA1C49 /* Debug */ = {
			isa = XCBuildConfiguration;
			buildSettings = {
				CLANG_ANALYZER_NONNULL = YES;
				CODE_SIGN_IDENTITY = "-";
				COMBINE_HIDPI_IMAGES = YES;
				DEBUG_INFORMATION_FORMAT = dwarf;
				FRAMEWORK_SEARCH_PATHS = (
					"$(inherited)",
					"$(PROJECT_DIR)",
				);
				GCC_NO_COMMON_BLOCKS = YES;
				INFOPLIST_FILE = Tests/Info.plist;
				LD_RUNPATH_SEARCH_PATHS = "$(inherited) @executable_path/../Frameworks @loader_path/../Frameworks";
				MACOSX_DEPLOYMENT_TARGET = 10.11;
				PRODUCT_BUNDLE_IDENTIFIER = com.sr3u.Tests;
				PRODUCT_NAME = "$(TARGET_NAME)";
			};
			name = Debug;
		};
		41CFB6D71CF3336F00EA1C49 /* Release */ = {
			isa = XCBuildConfiguration;
			buildSettings = {
				CLANG_ANALYZER_NONNULL = YES;
				CODE_SIGN_IDENTITY = "-";
				COMBINE_HIDPI_IMAGES = YES;
				COPY_PHASE_STRIP = NO;
				FRAMEWORK_SEARCH_PATHS = (
					"$(inherited)",
					"$(PROJECT_DIR)",
				);
				GCC_NO_COMMON_BLOCKS = YES;
				INFOPLIST_FILE = Tests/Info.plist;
				LD_RUNPATH_SEARCH_PATHS = "$(inherited) @executable_path/../Frameworks @loader_path/../Frameworks";
				MACOSX_DEPLOYMENT_TARGET = 10.11;
				PRODUCT_BUNDLE_IDENTIFIER = com.sr3u.Tests;
				PRODUCT_NAME = "$(TARGET_NAME)";
			};
			name = Release;
		};
		41CFB6E51CF3339200EA1C49 /* Debug */ = {
			isa = XCBuildConfiguration;
			buildSettings = {
				CLANG_ANALYZER_NONNULL = YES;
				CODE_SIGN_IDENTITY = "-";
				DEBUG_INFORMATION_FORMAT = dwarf;
				EXECUTABLE_PREFIX = lib;
				FRAMEWORK_SEARCH_PATHS = (
					"$(inherited)",
					"$(PROJECT_DIR)",
				);
				GCC_ENABLE_CPP_EXCEPTIONS = YES;
				GCC_ENABLE_CPP_RTTI = YES;
				GCC_NO_COMMON_BLOCKS = YES;
				MACOSX_DEPLOYMENT_TARGET = 10.11;
				PRODUCT_NAME = "$(TARGET_NAME)";
			};
			name = Debug;
		};
		41CFB6E61CF3339200EA1C49 /* Release */ = {
			isa = XCBuildConfiguration;
			buildSettings = {
				CLANG_ANALYZER_NONNULL = YES;
				CODE_SIGN_IDENTITY = "-";
				COPY_PHASE_STRIP = NO;
				EXECUTABLE_PREFIX = lib;
				FRAMEWORK_SEARCH_PATHS = (
					"$(inherited)",
					"$(PROJECT_DIR)",
				);
				GCC_ENABLE_CPP_EXCEPTIONS = YES;
				GCC_ENABLE_CPP_RTTI = YES;
				GCC_NO_COMMON_BLOCKS = YES;
				MACOSX_DEPLOYMENT_TARGET = 10.11;
				PRODUCT_NAME = "$(TARGET_NAME)";
			};
			name = Release;
		};
		4ECF72DF1A3877E300A97847 /* Debug */ = {
			isa = XCBuildConfiguration;
			buildSettings = {
				ALWAYS_SEARCH_USER_PATHS = NO;
				CLANG_CXX_LANGUAGE_STANDARD = "gnu++0x";
				CLANG_CXX_LIBRARY = "libc++";
				CLANG_ENABLE_MODULES = YES;
				CLANG_ENABLE_OBJC_ARC = YES;
				CLANG_WARN_BOOL_CONVERSION = YES;
				CLANG_WARN_CONSTANT_CONVERSION = YES;
				CLANG_WARN_DIRECT_OBJC_ISA_USAGE = YES_ERROR;
				CLANG_WARN_EMPTY_BODY = YES;
				CLANG_WARN_ENUM_CONVERSION = YES;
				CLANG_WARN_INT_CONVERSION = YES;
				CLANG_WARN_OBJC_ROOT_CLASS = YES_ERROR;
				CLANG_WARN_UNREACHABLE_CODE = YES;
				CLANG_WARN__DUPLICATE_METHOD_MATCH = YES;
				COPY_PHASE_STRIP = NO;
				ENABLE_STRICT_OBJC_MSGSEND = YES;
				ENABLE_TESTABILITY = YES;
				GCC_C_LANGUAGE_STANDARD = gnu99;
				GCC_DYNAMIC_NO_PIC = NO;
				GCC_OPTIMIZATION_LEVEL = 0;
				GCC_PREPROCESSOR_DEFINITIONS = (
					"DEBUG=1",
					"$(inherited)",
				);
				GCC_SYMBOLS_PRIVATE_EXTERN = NO;
				GCC_WARN_64_TO_32_BIT_CONVERSION = YES;
				GCC_WARN_ABOUT_RETURN_TYPE = YES_ERROR;
				GCC_WARN_UNDECLARED_SELECTOR = YES;
				GCC_WARN_UNINITIALIZED_AUTOS = YES_AGGRESSIVE;
				GCC_WARN_UNUSED_FUNCTION = YES;
				GCC_WARN_UNUSED_VARIABLE = YES;
				MACOSX_DEPLOYMENT_TARGET = 10.10;
				MTL_ENABLE_DEBUG_INFO = YES;
				ONLY_ACTIVE_ARCH = YES;
				SDKROOT = macosx;
			};
			name = Debug;
		};
		4ECF72E01A3877E300A97847 /* Release */ = {
			isa = XCBuildConfiguration;
			buildSettings = {
				ALWAYS_SEARCH_USER_PATHS = NO;
				CLANG_CXX_LANGUAGE_STANDARD = "gnu++0x";
				CLANG_CXX_LIBRARY = "libc++";
				CLANG_ENABLE_MODULES = YES;
				CLANG_ENABLE_OBJC_ARC = YES;
				CLANG_WARN_BOOL_CONVERSION = YES;
				CLANG_WARN_CONSTANT_CONVERSION = YES;
				CLANG_WARN_DIRECT_OBJC_ISA_USAGE = YES_ERROR;
				CLANG_WARN_EMPTY_BODY = YES;
				CLANG_WARN_ENUM_CONVERSION = YES;
				CLANG_WARN_INT_CONVERSION = YES;
				CLANG_WARN_OBJC_ROOT_CLASS = YES_ERROR;
				CLANG_WARN_UNREACHABLE_CODE = YES;
				CLANG_WARN__DUPLICATE_METHOD_MATCH = YES;
				COPY_PHASE_STRIP = YES;
				DEBUG_INFORMATION_FORMAT = "dwarf-with-dsym";
				ENABLE_NS_ASSERTIONS = NO;
				ENABLE_STRICT_OBJC_MSGSEND = YES;
				GCC_C_LANGUAGE_STANDARD = gnu99;
				GCC_WARN_64_TO_32_BIT_CONVERSION = YES;
				GCC_WARN_ABOUT_RETURN_TYPE = YES_ERROR;
				GCC_WARN_UNDECLARED_SELECTOR = YES;
				GCC_WARN_UNINITIALIZED_AUTOS = YES_AGGRESSIVE;
				GCC_WARN_UNUSED_FUNCTION = YES;
				GCC_WARN_UNUSED_VARIABLE = YES;
				MACOSX_DEPLOYMENT_TARGET = 10.10;
				MTL_ENABLE_DEBUG_INFO = NO;
				SDKROOT = macosx;
			};
			name = Release;
		};
		4ECF72E21A3877E300A97847 /* Debug */ = {
			isa = XCBuildConfiguration;
			buildSettings = {
				CLANG_ANALYZER_SECURITY_FLOATLOOPCOUNTER = YES;
				CLANG_ANALYZER_SECURITY_INSECUREAPI_RAND = NO;
				CLANG_ANALYZER_SECURITY_INSECUREAPI_STRCPY = YES;
				FRAMEWORK_SEARCH_PATHS = (
					"$(inherited)",
					"$(PROJECT_DIR)",
				);
				PRODUCT_NAME = "$(TARGET_NAME)";
			};
			name = Debug;
		};
		4ECF72E31A3877E300A97847 /* Release */ = {
			isa = XCBuildConfiguration;
			buildSettings = {
				CLANG_ANALYZER_SECURITY_FLOATLOOPCOUNTER = YES;
				CLANG_ANALYZER_SECURITY_INSECUREAPI_RAND = NO;
				CLANG_ANALYZER_SECURITY_INSECUREAPI_STRCPY = YES;
				FRAMEWORK_SEARCH_PATHS = (
					"$(inherited)",
					"$(PROJECT_DIR)",
				);
				PRODUCT_NAME = "$(TARGET_NAME)";
			};
			name = Release;
		};
/* End XCBuildConfiguration section */

/* Begin XCConfigurationList section */
		41CFB6D51CF3336F00EA1C49 /* Build configuration list for PBXNativeTarget "Tests" */ = {
			isa = XCConfigurationList;
			buildConfigurations = (
				41CFB6D61CF3336F00EA1C49 /* Debug */,
				41CFB6D71CF3336F00EA1C49 /* Release */,
			);
			defaultConfigurationIsVisible = 0;
			defaultConfigurationName = Release;
		};
		41CFB6E41CF3339200EA1C49 /* Build configuration list for PBXNativeTarget "libOpenGLParticles" */ = {
			isa = XCConfigurationList;
			buildConfigurations = (
				41CFB6E51CF3339200EA1C49 /* Debug */,
				41CFB6E61CF3339200EA1C49 /* Release */,
			);
			defaultConfigurationIsVisible = 0;
			defaultConfigurationName = Release;
		};
		4ECF72D51A3877E300A97847 /* Build configuration list for PBXProject "OpenGL kurs" */ = {
			isa = XCConfigurationList;
			buildConfigurations = (
				4ECF72DF1A3877E300A97847 /* Debug */,
				4ECF72E01A3877E300A97847 /* Release */,
			);
			defaultConfigurationIsVisible = 0;
			defaultConfigurationName = Release;
		};
		4ECF72E11A3877E300A97847 /* Build configuration list for PBXNativeTarget "OpenGL kurs" */ = {
			isa = XCConfigurationList;
			buildConfigurations = (
				4ECF72E21A3877E300A97847 /* Debug */,
				4ECF72E31A3877E300A97847 /* Release */,
			);
			defaultConfigurationIsVisible = 0;
			defaultConfigurationName = Release;
		};
/* End XCConfigurationList section */
	};
	rootObject = 4ECF72D21A3877E300A97847 /* Project object */;
}
